
Microsoft Visual Studio Solution File, Format Version 12.00
# Visual Studio Express 2012 for Windows Desktop
Project("{8BC9CEB8-8B4A-11D0-8D11-00A0C91BC942}") = "ui_sp", "ui_sp\ui_sp.vcxproj", "{9FC6663B-403B-4429-90C3-4CE12E5D0619}"
EndProject
Project("{8BC9CEB8-8B4A-11D0-8D11-00A0C91BC942}") = "cgame_sp", "cgame_sp\cgame_sp.vcxproj", "{A981B743-DF98-4346-AA89-5DECB39C165D}"
EndProject
Project("{8BC9CEB8-8B4A-11D0-8D11-00A0C91BC942}") = "game_sp", "game_sp\game_sp.vcxproj", "{99EE8E3F-250E-4082-A92E-C7BC6202FDFE}"
EndProject
Project("{8BC9CEB8-8B4A-11D0-8D11-00A0C91BC942}") = "rtcw_sp", "rtcw_sp\rtcw_sp.vcxproj", "{47CCBCAD-2A5C-4A70-8504-371F2EC29CBE}"
	ProjectSection(ProjectDependencies) = postProject
		{C77BA20D-F1F9-4C5D-AF18-090D39FA4707} = {C77BA20D-F1F9-4C5D-AF18-090D39FA4707}
		{1ECB2C31-5225-4757-A54B-14F1ADDC5247} = {1ECB2C31-5225-4757-A54B-14F1ADDC5247}
		{ECA531A1-29EC-472A-BBFE-1DEF2E579A23} = {ECA531A1-29EC-472A-BBFE-1DEF2E579A23}
		{B1D02FF9-3213-4189-9667-F9DACAF2F8B1} = {B1D02FF9-3213-4189-9667-F9DACAF2F8B1}
	EndProjectSection
EndProject
Project("{8BC9CEB8-8B4A-11D0-8D11-00A0C91BC942}") = "cgame_mp", "cgame_mp\cgame_mp.vcxproj", "{A16F9DCF-7F32-43AB-A044-74B7C660FC9B}"
EndProject
Project("{8BC9CEB8-8B4A-11D0-8D11-00A0C91BC942}") = "game_mp", "game_mp\game_mp.vcxproj", "{47A33A98-87A5-4071-8608-3E6BC9EEC29E}"
EndProject
Project("{8BC9CEB8-8B4A-11D0-8D11-00A0C91BC942}") = "ui_mp", "ui_mp\ui_mp.vcxproj", "{64DCBC13-78A6-43E9-931D-B63FBB0421C7}"
EndProject
Project("{8BC9CEB8-8B4A-11D0-8D11-00A0C91BC942}") = "rtcw_mp", "rtcw_mp\rtcw_mp.vcxproj", "{3ACD01D0-DCF1-46A5-A477-7E8524032A02}"
	ProjectSection(ProjectDependencies) = postProject
		{C77BA20D-F1F9-4C5D-AF18-090D39FA4707} = {C77BA20D-F1F9-4C5D-AF18-090D39FA4707}
		{1ECB2C31-5225-4757-A54B-14F1ADDC5247} = {1ECB2C31-5225-4757-A54B-14F1ADDC5247}
		{ECA531A1-29EC-472A-BBFE-1DEF2E579A23} = {ECA531A1-29EC-472A-BBFE-1DEF2E579A23}
		{B1D02FF9-3213-4189-9667-F9DACAF2F8B1} = {B1D02FF9-3213-4189-9667-F9DACAF2F8B1}
	EndProjectSection
EndProject
Project("{8BC9CEB8-8B4A-11D0-8D11-00A0C91BC942}") = "cgame_et", "cgame_et\cgame_et.vcxproj", "{68A804FC-00C3-44E2-A479-3DB3D20F943D}"
EndProject
Project("{8BC9CEB8-8B4A-11D0-8D11-00A0C91BC942}") = "game_et", "game_et\game_et.vcxproj", "{4F8332D7-5687-4875-813A-A1B7AA479C2D}"
EndProject
Project("{8BC9CEB8-8B4A-11D0-8D11-00A0C91BC942}") = "rtcw_et", "rtcw_et\rtcw_et.vcxproj", "{B604B554-38D6-4BC8-9F7F-D6BC8719A653}"
	ProjectSection(ProjectDependencies) = postProject
		{C77BA20D-F1F9-4C5D-AF18-090D39FA4707} = {C77BA20D-F1F9-4C5D-AF18-090D39FA4707}
		{1ECB2C31-5225-4757-A54B-14F1ADDC5247} = {1ECB2C31-5225-4757-A54B-14F1ADDC5247}
		{2D22C247-9AAB-4A10-93E3-83E25B196D8B} = {2D22C247-9AAB-4A10-93E3-83E25B196D8B}
		{ECA531A1-29EC-472A-BBFE-1DEF2E579A23} = {ECA531A1-29EC-472A-BBFE-1DEF2E579A23}
		{B1D02FF9-3213-4189-9667-F9DACAF2F8B1} = {B1D02FF9-3213-4189-9667-F9DACAF2F8B1}
	EndProjectSection
EndProject
Project("{8BC9CEB8-8B4A-11D0-8D11-00A0C91BC942}") = "ui_et", "ui_et\ui_et.vcxproj", "{4C02EEB1-33AA-41C5-9A96-609161DF1635}"
EndProject
Project("{8BC9CEB8-8B4A-11D0-8D11-00A0C91BC942}") = "libjpeg_turbo", "libjpeg_turbo\libjpeg_turbo.vcxproj", "{B1D02FF9-3213-4189-9667-F9DACAF2F8B1}"
EndProject
Project("{8BC9CEB8-8B4A-11D0-8D11-00A0C91BC942}") = "libglew", "libglew\libglew.vcxproj", "{C77BA20D-F1F9-4C5D-AF18-090D39FA4707}"
EndProject
Project("{8BC9CEB8-8B4A-11D0-8D11-00A0C91BC942}") = "libz", "libz\libz.vcxproj", "{ECA531A1-29EC-472A-BBFE-1DEF2E579A23}"
EndProject
Project("{8BC9CEB8-8B4A-11D0-8D11-00A0C91BC942}") = "libcurl", "libcurl\libcurl.vcxproj", "{2D22C247-9AAB-4A10-93E3-83E25B196D8B}"
EndProject
Project("{8BC9CEB8-8B4A-11D0-8D11-00A0C91BC942}") = "libopenal_soft", "libopenal_soft\libopenal_soft.vcxproj", "{4CCF5A70-C0F9-4BEC-B79B-F87E9E6B04FC}"
EndProject
Project("{8BC9CEB8-8B4A-11D0-8D11-00A0C91BC942}") = "libsdl2", "libsdl2\libsdl2.vcxproj", "{1ECB2C31-5225-4757-A54B-14F1ADDC5247}"
EndProject
Global
	GlobalSection(SolutionConfigurationPlatforms) = preSolution
		Debug Dedicated|Mixed Platforms = Debug Dedicated|Mixed Platforms
		Debug Dedicated|Win32 = Debug Dedicated|Win32
		Debug Dedicated|x64 = Debug Dedicated|x64
		Debug|Mixed Platforms = Debug|Mixed Platforms
		Debug|Win32 = Debug|Win32
		Debug|x64 = Debug|x64
		Release Dedicated|Mixed Platforms = Release Dedicated|Mixed Platforms
		Release Dedicated|Win32 = Release Dedicated|Win32
		Release Dedicated|x64 = Release Dedicated|x64
		Release|Mixed Platforms = Release|Mixed Platforms
		Release|Win32 = Release|Win32
		Release|x64 = Release|x64
	EndGlobalSection
	GlobalSection(ProjectConfigurationPlatforms) = postSolution
		{9FC6663B-403B-4429-90C3-4CE12E5D0619}.Debug Dedicated|Mixed Platforms.ActiveCfg = Debug|Win32
		{9FC6663B-403B-4429-90C3-4CE12E5D0619}.Debug Dedicated|Win32.ActiveCfg = Debug|Win32
		{9FC6663B-403B-4429-90C3-4CE12E5D0619}.Debug Dedicated|x64.ActiveCfg = Debug|x64
		{9FC6663B-403B-4429-90C3-4CE12E5D0619}.Debug|Mixed Platforms.ActiveCfg = Debug|Win32
		{9FC6663B-403B-4429-90C3-4CE12E5D0619}.Debug|Win32.ActiveCfg = Debug|Win32
		{9FC6663B-403B-4429-90C3-4CE12E5D0619}.Debug|Win32.Build.0 = Debug|Win32
		{9FC6663B-403B-4429-90C3-4CE12E5D0619}.Debug|x64.ActiveCfg = Debug|x64
		{9FC6663B-403B-4429-90C3-4CE12E5D0619}.Debug|x64.Build.0 = Debug|x64
		{9FC6663B-403B-4429-90C3-4CE12E5D0619}.Release Dedicated|Mixed Platforms.ActiveCfg = Release|Win32
		{9FC6663B-403B-4429-90C3-4CE12E5D0619}.Release Dedicated|Win32.ActiveCfg = Release|Win32
		{9FC6663B-403B-4429-90C3-4CE12E5D0619}.Release Dedicated|x64.ActiveCfg = Release|x64
		{9FC6663B-403B-4429-90C3-4CE12E5D0619}.Release|Mixed Platforms.ActiveCfg = Release|Win32
		{9FC6663B-403B-4429-90C3-4CE12E5D0619}.Release|Win32.ActiveCfg = Release|Win32
		{9FC6663B-403B-4429-90C3-4CE12E5D0619}.Release|Win32.Build.0 = Release|Win32
		{9FC6663B-403B-4429-90C3-4CE12E5D0619}.Release|x64.ActiveCfg = Release|x64
		{9FC6663B-403B-4429-90C3-4CE12E5D0619}.Release|x64.Build.0 = Release|x64
		{A981B743-DF98-4346-AA89-5DECB39C165D}.Debug Dedicated|Mixed Platforms.ActiveCfg = Debug|Win32
		{A981B743-DF98-4346-AA89-5DECB39C165D}.Debug Dedicated|Win32.ActiveCfg = Debug|Win32
		{A981B743-DF98-4346-AA89-5DECB39C165D}.Debug Dedicated|x64.ActiveCfg = Debug|x64
		{A981B743-DF98-4346-AA89-5DECB39C165D}.Debug|Mixed Platforms.ActiveCfg = Debug|Win32
		{A981B743-DF98-4346-AA89-5DECB39C165D}.Debug|Win32.ActiveCfg = Debug|Win32
		{A981B743-DF98-4346-AA89-5DECB39C165D}.Debug|Win32.Build.0 = Debug|Win32
		{A981B743-DF98-4346-AA89-5DECB39C165D}.Debug|x64.ActiveCfg = Debug|x64
		{A981B743-DF98-4346-AA89-5DECB39C165D}.Debug|x64.Build.0 = Debug|x64
		{A981B743-DF98-4346-AA89-5DECB39C165D}.Release Dedicated|Mixed Platforms.ActiveCfg = Release|Win32
		{A981B743-DF98-4346-AA89-5DECB39C165D}.Release Dedicated|Win32.ActiveCfg = Release|Win32
		{A981B743-DF98-4346-AA89-5DECB39C165D}.Release Dedicated|x64.ActiveCfg = Release|x64
		{A981B743-DF98-4346-AA89-5DECB39C165D}.Release|Mixed Platforms.ActiveCfg = Release|Win32
		{A981B743-DF98-4346-AA89-5DECB39C165D}.Release|Win32.ActiveCfg = Release|Win32
		{A981B743-DF98-4346-AA89-5DECB39C165D}.Release|Win32.Build.0 = Release|Win32
		{A981B743-DF98-4346-AA89-5DECB39C165D}.Release|x64.ActiveCfg = Release|x64
		{A981B743-DF98-4346-AA89-5DECB39C165D}.Release|x64.Build.0 = Release|x64
		{99EE8E3F-250E-4082-A92E-C7BC6202FDFE}.Debug Dedicated|Mixed Platforms.ActiveCfg = Debug|Win32
		{99EE8E3F-250E-4082-A92E-C7BC6202FDFE}.Debug Dedicated|Win32.ActiveCfg = Debug|Win32
		{99EE8E3F-250E-4082-A92E-C7BC6202FDFE}.Debug Dedicated|x64.ActiveCfg = Debug|x64
		{99EE8E3F-250E-4082-A92E-C7BC6202FDFE}.Debug|Mixed Platforms.ActiveCfg = Debug|Win32
		{99EE8E3F-250E-4082-A92E-C7BC6202FDFE}.Debug|Win32.ActiveCfg = Debug|Win32
		{99EE8E3F-250E-4082-A92E-C7BC6202FDFE}.Debug|Win32.Build.0 = Debug|Win32
		{99EE8E3F-250E-4082-A92E-C7BC6202FDFE}.Debug|x64.ActiveCfg = Debug|x64
		{99EE8E3F-250E-4082-A92E-C7BC6202FDFE}.Debug|x64.Build.0 = Debug|x64
		{99EE8E3F-250E-4082-A92E-C7BC6202FDFE}.Release Dedicated|Mixed Platforms.ActiveCfg = Release|Win32
		{99EE8E3F-250E-4082-A92E-C7BC6202FDFE}.Release Dedicated|Win32.ActiveCfg = Release|Win32
		{99EE8E3F-250E-4082-A92E-C7BC6202FDFE}.Release Dedicated|x64.ActiveCfg = Release|x64
		{99EE8E3F-250E-4082-A92E-C7BC6202FDFE}.Release|Mixed Platforms.ActiveCfg = Release|Win32
		{99EE8E3F-250E-4082-A92E-C7BC6202FDFE}.Release|Win32.ActiveCfg = Release|Win32
		{99EE8E3F-250E-4082-A92E-C7BC6202FDFE}.Release|Win32.Build.0 = Release|Win32
		{99EE8E3F-250E-4082-A92E-C7BC6202FDFE}.Release|x64.ActiveCfg = Release|x64
		{99EE8E3F-250E-4082-A92E-C7BC6202FDFE}.Release|x64.Build.0 = Release|x64
		{47CCBCAD-2A5C-4A70-8504-371F2EC29CBE}.Debug Dedicated|Mixed Platforms.ActiveCfg = Debug|Win32
		{47CCBCAD-2A5C-4A70-8504-371F2EC29CBE}.Debug Dedicated|Win32.ActiveCfg = Debug|Win32
		{47CCBCAD-2A5C-4A70-8504-371F2EC29CBE}.Debug Dedicated|x64.ActiveCfg = Debug|x64
		{47CCBCAD-2A5C-4A70-8504-371F2EC29CBE}.Debug|Mixed Platforms.ActiveCfg = Debug|Win32
		{47CCBCAD-2A5C-4A70-8504-371F2EC29CBE}.Debug|Win32.ActiveCfg = Debug|Win32
		{47CCBCAD-2A5C-4A70-8504-371F2EC29CBE}.Debug|Win32.Build.0 = Debug|Win32
		{47CCBCAD-2A5C-4A70-8504-371F2EC29CBE}.Debug|x64.ActiveCfg = Debug|x64
		{47CCBCAD-2A5C-4A70-8504-371F2EC29CBE}.Debug|x64.Build.0 = Debug|x64
		{47CCBCAD-2A5C-4A70-8504-371F2EC29CBE}.Release Dedicated|Mixed Platforms.ActiveCfg = Release|Win32
		{47CCBCAD-2A5C-4A70-8504-371F2EC29CBE}.Release Dedicated|Win32.ActiveCfg = Release|Win32
		{47CCBCAD-2A5C-4A70-8504-371F2EC29CBE}.Release Dedicated|x64.ActiveCfg = Release|x64
		{47CCBCAD-2A5C-4A70-8504-371F2EC29CBE}.Release|Mixed Platforms.ActiveCfg = Release|Win32
		{47CCBCAD-2A5C-4A70-8504-371F2EC29CBE}.Release|Win32.ActiveCfg = Release|Win32
		{47CCBCAD-2A5C-4A70-8504-371F2EC29CBE}.Release|Win32.Build.0 = Release|Win32
		{47CCBCAD-2A5C-4A70-8504-371F2EC29CBE}.Release|x64.ActiveCfg = Release|x64
		{47CCBCAD-2A5C-4A70-8504-371F2EC29CBE}.Release|x64.Build.0 = Release|x64
		{A16F9DCF-7F32-43AB-A044-74B7C660FC9B}.Debug Dedicated|Mixed Platforms.ActiveCfg = Debug|Win32
		{A16F9DCF-7F32-43AB-A044-74B7C660FC9B}.Debug Dedicated|Win32.ActiveCfg = Debug|Win32
		{A16F9DCF-7F32-43AB-A044-74B7C660FC9B}.Debug Dedicated|x64.ActiveCfg = Debug|x64
		{A16F9DCF-7F32-43AB-A044-74B7C660FC9B}.Debug|Mixed Platforms.ActiveCfg = Debug|Win32
		{A16F9DCF-7F32-43AB-A044-74B7C660FC9B}.Debug|Win32.ActiveCfg = Debug|Win32
		{A16F9DCF-7F32-43AB-A044-74B7C660FC9B}.Debug|Win32.Build.0 = Debug|Win32
		{A16F9DCF-7F32-43AB-A044-74B7C660FC9B}.Debug|x64.ActiveCfg = Debug|x64
		{A16F9DCF-7F32-43AB-A044-74B7C660FC9B}.Debug|x64.Build.0 = Debug|x64
		{A16F9DCF-7F32-43AB-A044-74B7C660FC9B}.Release Dedicated|Mixed Platforms.ActiveCfg = Release|Win32
		{A16F9DCF-7F32-43AB-A044-74B7C660FC9B}.Release Dedicated|Win32.ActiveCfg = Release|Win32
		{A16F9DCF-7F32-43AB-A044-74B7C660FC9B}.Release Dedicated|x64.ActiveCfg = Release|x64
		{A16F9DCF-7F32-43AB-A044-74B7C660FC9B}.Release|Mixed Platforms.ActiveCfg = Release|Win32
		{A16F9DCF-7F32-43AB-A044-74B7C660FC9B}.Release|Win32.ActiveCfg = Release|Win32
		{A16F9DCF-7F32-43AB-A044-74B7C660FC9B}.Release|Win32.Build.0 = Release|Win32
		{A16F9DCF-7F32-43AB-A044-74B7C660FC9B}.Release|x64.ActiveCfg = Release|x64
		{A16F9DCF-7F32-43AB-A044-74B7C660FC9B}.Release|x64.Build.0 = Release|x64
		{47A33A98-87A5-4071-8608-3E6BC9EEC29E}.Debug Dedicated|Mixed Platforms.ActiveCfg = Debug|Win32
		{47A33A98-87A5-4071-8608-3E6BC9EEC29E}.Debug Dedicated|Win32.ActiveCfg = Debug|Win32
		{47A33A98-87A5-4071-8608-3E6BC9EEC29E}.Debug Dedicated|x64.ActiveCfg = Debug|x64
		{47A33A98-87A5-4071-8608-3E6BC9EEC29E}.Debug|Mixed Platforms.ActiveCfg = Debug|Win32
		{47A33A98-87A5-4071-8608-3E6BC9EEC29E}.Debug|Win32.ActiveCfg = Debug|Win32
		{47A33A98-87A5-4071-8608-3E6BC9EEC29E}.Debug|Win32.Build.0 = Debug|Win32
		{47A33A98-87A5-4071-8608-3E6BC9EEC29E}.Debug|x64.ActiveCfg = Debug|x64
		{47A33A98-87A5-4071-8608-3E6BC9EEC29E}.Debug|x64.Build.0 = Debug|x64
		{47A33A98-87A5-4071-8608-3E6BC9EEC29E}.Release Dedicated|Mixed Platforms.ActiveCfg = Release|Win32
		{47A33A98-87A5-4071-8608-3E6BC9EEC29E}.Release Dedicated|Win32.ActiveCfg = Release|Win32
		{47A33A98-87A5-4071-8608-3E6BC9EEC29E}.Release Dedicated|x64.ActiveCfg = Release|x64
		{47A33A98-87A5-4071-8608-3E6BC9EEC29E}.Release|Mixed Platforms.ActiveCfg = Release|Win32
		{47A33A98-87A5-4071-8608-3E6BC9EEC29E}.Release|Win32.ActiveCfg = Release|Win32
		{47A33A98-87A5-4071-8608-3E6BC9EEC29E}.Release|Win32.Build.0 = Release|Win32
		{47A33A98-87A5-4071-8608-3E6BC9EEC29E}.Release|x64.ActiveCfg = Release|x64
		{47A33A98-87A5-4071-8608-3E6BC9EEC29E}.Release|x64.Build.0 = Release|x64
		{64DCBC13-78A6-43E9-931D-B63FBB0421C7}.Debug Dedicated|Mixed Platforms.ActiveCfg = Debug|Win32
		{64DCBC13-78A6-43E9-931D-B63FBB0421C7}.Debug Dedicated|Win32.ActiveCfg = Debug|Win32
		{64DCBC13-78A6-43E9-931D-B63FBB0421C7}.Debug Dedicated|x64.ActiveCfg = Debug|x64
		{64DCBC13-78A6-43E9-931D-B63FBB0421C7}.Debug|Mixed Platforms.ActiveCfg = Debug|Win32
		{64DCBC13-78A6-43E9-931D-B63FBB0421C7}.Debug|Win32.ActiveCfg = Debug|Win32
		{64DCBC13-78A6-43E9-931D-B63FBB0421C7}.Debug|Win32.Build.0 = Debug|Win32
		{64DCBC13-78A6-43E9-931D-B63FBB0421C7}.Debug|x64.ActiveCfg = Debug|x64
		{64DCBC13-78A6-43E9-931D-B63FBB0421C7}.Debug|x64.Build.0 = Debug|x64
		{64DCBC13-78A6-43E9-931D-B63FBB0421C7}.Release Dedicated|Mixed Platforms.ActiveCfg = Release|Win32
		{64DCBC13-78A6-43E9-931D-B63FBB0421C7}.Release Dedicated|Win32.ActiveCfg = Release|Win32
		{64DCBC13-78A6-43E9-931D-B63FBB0421C7}.Release Dedicated|x64.ActiveCfg = Release|x64
		{64DCBC13-78A6-43E9-931D-B63FBB0421C7}.Release|Mixed Platforms.ActiveCfg = Release|Win32
		{64DCBC13-78A6-43E9-931D-B63FBB0421C7}.Release|Win32.ActiveCfg = Release|Win32
		{64DCBC13-78A6-43E9-931D-B63FBB0421C7}.Release|Win32.Build.0 = Release|Win32
		{64DCBC13-78A6-43E9-931D-B63FBB0421C7}.Release|x64.ActiveCfg = Release|x64
		{64DCBC13-78A6-43E9-931D-B63FBB0421C7}.Release|x64.Build.0 = Release|x64
		{3ACD01D0-DCF1-46A5-A477-7E8524032A02}.Debug Dedicated|Mixed Platforms.ActiveCfg = Debug Dedicated|Win32
		{3ACD01D0-DCF1-46A5-A477-7E8524032A02}.Debug Dedicated|Win32.ActiveCfg = Debug Dedicated|Win32
		{3ACD01D0-DCF1-46A5-A477-7E8524032A02}.Debug Dedicated|Win32.Build.0 = Debug Dedicated|Win32
		{3ACD01D0-DCF1-46A5-A477-7E8524032A02}.Debug Dedicated|x64.ActiveCfg = Debug Dedicated|x64
		{3ACD01D0-DCF1-46A5-A477-7E8524032A02}.Debug Dedicated|x64.Build.0 = Debug Dedicated|x64
		{3ACD01D0-DCF1-46A5-A477-7E8524032A02}.Debug|Mixed Platforms.ActiveCfg = Debug|Win32
		{3ACD01D0-DCF1-46A5-A477-7E8524032A02}.Debug|Win32.ActiveCfg = Debug|Win32
		{3ACD01D0-DCF1-46A5-A477-7E8524032A02}.Debug|Win32.Build.0 = Debug|Win32
		{3ACD01D0-DCF1-46A5-A477-7E8524032A02}.Debug|x64.ActiveCfg = Debug|x64
		{3ACD01D0-DCF1-46A5-A477-7E8524032A02}.Debug|x64.Build.0 = Debug|x64
		{3ACD01D0-DCF1-46A5-A477-7E8524032A02}.Release Dedicated|Mixed Platforms.ActiveCfg = Release Dedicated|Win32
		{3ACD01D0-DCF1-46A5-A477-7E8524032A02}.Release Dedicated|Win32.ActiveCfg = Release Dedicated|Win32
		{3ACD01D0-DCF1-46A5-A477-7E8524032A02}.Release Dedicated|Win32.Build.0 = Release Dedicated|Win32
		{3ACD01D0-DCF1-46A5-A477-7E8524032A02}.Release Dedicated|x64.ActiveCfg = Release Dedicated|x64
		{3ACD01D0-DCF1-46A5-A477-7E8524032A02}.Release Dedicated|x64.Build.0 = Release Dedicated|x64
		{3ACD01D0-DCF1-46A5-A477-7E8524032A02}.Release|Mixed Platforms.ActiveCfg = Release|Win32
		{3ACD01D0-DCF1-46A5-A477-7E8524032A02}.Release|Win32.ActiveCfg = Release|Win32
		{3ACD01D0-DCF1-46A5-A477-7E8524032A02}.Release|Win32.Build.0 = Release|Win32
		{3ACD01D0-DCF1-46A5-A477-7E8524032A02}.Release|x64.ActiveCfg = Release|x64
		{3ACD01D0-DCF1-46A5-A477-7E8524032A02}.Release|x64.Build.0 = Release|x64
		{68A804FC-00C3-44E2-A479-3DB3D20F943D}.Debug Dedicated|Mixed Platforms.ActiveCfg = Debug|Win32
		{68A804FC-00C3-44E2-A479-3DB3D20F943D}.Debug Dedicated|Win32.ActiveCfg = Debug|Win32
		{68A804FC-00C3-44E2-A479-3DB3D20F943D}.Debug Dedicated|x64.ActiveCfg = Debug|x64
		{68A804FC-00C3-44E2-A479-3DB3D20F943D}.Debug|Mixed Platforms.ActiveCfg = Debug|Win32
		{68A804FC-00C3-44E2-A479-3DB3D20F943D}.Debug|Win32.ActiveCfg = Debug|Win32
		{68A804FC-00C3-44E2-A479-3DB3D20F943D}.Debug|Win32.Build.0 = Debug|Win32
		{68A804FC-00C3-44E2-A479-3DB3D20F943D}.Debug|x64.ActiveCfg = Debug|x64
		{68A804FC-00C3-44E2-A479-3DB3D20F943D}.Debug|x64.Build.0 = Debug|x64
		{68A804FC-00C3-44E2-A479-3DB3D20F943D}.Release Dedicated|Mixed Platforms.ActiveCfg = Release|Win32
		{68A804FC-00C3-44E2-A479-3DB3D20F943D}.Release Dedicated|Win32.ActiveCfg = Release|Win32
		{68A804FC-00C3-44E2-A479-3DB3D20F943D}.Release Dedicated|x64.ActiveCfg = Release|x64
		{68A804FC-00C3-44E2-A479-3DB3D20F943D}.Release|Mixed Platforms.ActiveCfg = Release|Win32
		{68A804FC-00C3-44E2-A479-3DB3D20F943D}.Release|Win32.ActiveCfg = Release|Win32
		{68A804FC-00C3-44E2-A479-3DB3D20F943D}.Release|Win32.Build.0 = Release|Win32
		{68A804FC-00C3-44E2-A479-3DB3D20F943D}.Release|x64.ActiveCfg = Release|x64
		{68A804FC-00C3-44E2-A479-3DB3D20F943D}.Release|x64.Build.0 = Release|x64
		{4F8332D7-5687-4875-813A-A1B7AA479C2D}.Debug Dedicated|Mixed Platforms.ActiveCfg = Debug|Win32
		{4F8332D7-5687-4875-813A-A1B7AA479C2D}.Debug Dedicated|Win32.ActiveCfg = Debug|Win32
		{4F8332D7-5687-4875-813A-A1B7AA479C2D}.Debug Dedicated|x64.ActiveCfg = Debug|x64
		{4F8332D7-5687-4875-813A-A1B7AA479C2D}.Debug|Mixed Platforms.ActiveCfg = Debug|Win32
		{4F8332D7-5687-4875-813A-A1B7AA479C2D}.Debug|Win32.ActiveCfg = Debug|Win32
		{4F8332D7-5687-4875-813A-A1B7AA479C2D}.Debug|Win32.Build.0 = Debug|Win32
		{4F8332D7-5687-4875-813A-A1B7AA479C2D}.Debug|x64.ActiveCfg = Debug|x64
		{4F8332D7-5687-4875-813A-A1B7AA479C2D}.Debug|x64.Build.0 = Debug|x64
		{4F8332D7-5687-4875-813A-A1B7AA479C2D}.Release Dedicated|Mixed Platforms.ActiveCfg = Release|Win32
		{4F8332D7-5687-4875-813A-A1B7AA479C2D}.Release Dedicated|Win32.ActiveCfg = Release|Win32
		{4F8332D7-5687-4875-813A-A1B7AA479C2D}.Release Dedicated|x64.ActiveCfg = Release|x64
		{4F8332D7-5687-4875-813A-A1B7AA479C2D}.Release|Mixed Platforms.ActiveCfg = Release|Win32
		{4F8332D7-5687-4875-813A-A1B7AA479C2D}.Release|Win32.ActiveCfg = Release|Win32
		{4F8332D7-5687-4875-813A-A1B7AA479C2D}.Release|Win32.Build.0 = Release|Win32
		{4F8332D7-5687-4875-813A-A1B7AA479C2D}.Release|x64.ActiveCfg = Release|x64
		{4F8332D7-5687-4875-813A-A1B7AA479C2D}.Release|x64.Build.0 = Release|x64
		{B604B554-38D6-4BC8-9F7F-D6BC8719A653}.Debug Dedicated|Mixed Platforms.ActiveCfg = Debug Dedicated|Win32
		{B604B554-38D6-4BC8-9F7F-D6BC8719A653}.Debug Dedicated|Win32.ActiveCfg = Debug Dedicated|Win32
		{B604B554-38D6-4BC8-9F7F-D6BC8719A653}.Debug Dedicated|Win32.Build.0 = Debug Dedicated|Win32
		{B604B554-38D6-4BC8-9F7F-D6BC8719A653}.Debug Dedicated|x64.ActiveCfg = Debug Dedicated|x64
		{B604B554-38D6-4BC8-9F7F-D6BC8719A653}.Debug Dedicated|x64.Build.0 = Debug Dedicated|x64
		{B604B554-38D6-4BC8-9F7F-D6BC8719A653}.Debug|Mixed Platforms.ActiveCfg = Debug|Win32
		{B604B554-38D6-4BC8-9F7F-D6BC8719A653}.Debug|Win32.ActiveCfg = Debug|Win32
		{B604B554-38D6-4BC8-9F7F-D6BC8719A653}.Debug|Win32.Build.0 = Debug|Win32
		{B604B554-38D6-4BC8-9F7F-D6BC8719A653}.Debug|x64.ActiveCfg = Debug|x64
		{B604B554-38D6-4BC8-9F7F-D6BC8719A653}.Debug|x64.Build.0 = Debug|x64
		{B604B554-38D6-4BC8-9F7F-D6BC8719A653}.Release Dedicated|Mixed Platforms.ActiveCfg = Release Dedicated|Win32
		{B604B554-38D6-4BC8-9F7F-D6BC8719A653}.Release Dedicated|Win32.ActiveCfg = Release Dedicated|Win32
		{B604B554-38D6-4BC8-9F7F-D6BC8719A653}.Release Dedicated|Win32.Build.0 = Release Dedicated|Win32
		{B604B554-38D6-4BC8-9F7F-D6BC8719A653}.Release Dedicated|x64.ActiveCfg = Release Dedicated|x64
		{B604B554-38D6-4BC8-9F7F-D6BC8719A653}.Release Dedicated|x64.Build.0 = Release Dedicated|x64
		{B604B554-38D6-4BC8-9F7F-D6BC8719A653}.Release|Mixed Platforms.ActiveCfg = Release|Win32
		{B604B554-38D6-4BC8-9F7F-D6BC8719A653}.Release|Win32.ActiveCfg = Release|Win32
		{B604B554-38D6-4BC8-9F7F-D6BC8719A653}.Release|Win32.Build.0 = Release|Win32
		{B604B554-38D6-4BC8-9F7F-D6BC8719A653}.Release|x64.ActiveCfg = Release|x64
		{B604B554-38D6-4BC8-9F7F-D6BC8719A653}.Release|x64.Build.0 = Release|x64
		{4C02EEB1-33AA-41C5-9A96-609161DF1635}.Debug Dedicated|Mixed Platforms.ActiveCfg = Debug|Win32
		{4C02EEB1-33AA-41C5-9A96-609161DF1635}.Debug Dedicated|Win32.ActiveCfg = Debug|Win32
		{4C02EEB1-33AA-41C5-9A96-609161DF1635}.Debug Dedicated|x64.ActiveCfg = Debug|x64
		{4C02EEB1-33AA-41C5-9A96-609161DF1635}.Debug|Mixed Platforms.ActiveCfg = Debug|Win32
		{4C02EEB1-33AA-41C5-9A96-609161DF1635}.Debug|Win32.ActiveCfg = Debug|Win32
		{4C02EEB1-33AA-41C5-9A96-609161DF1635}.Debug|Win32.Build.0 = Debug|Win32
		{4C02EEB1-33AA-41C5-9A96-609161DF1635}.Debug|x64.ActiveCfg = Debug|x64
		{4C02EEB1-33AA-41C5-9A96-609161DF1635}.Debug|x64.Build.0 = Debug|x64
		{4C02EEB1-33AA-41C5-9A96-609161DF1635}.Release Dedicated|Mixed Platforms.ActiveCfg = Release|Win32
		{4C02EEB1-33AA-41C5-9A96-609161DF1635}.Release Dedicated|Win32.ActiveCfg = Release|Win32
		{4C02EEB1-33AA-41C5-9A96-609161DF1635}.Release Dedicated|x64.ActiveCfg = Release|x64
		{4C02EEB1-33AA-41C5-9A96-609161DF1635}.Release|Mixed Platforms.ActiveCfg = Release|Win32
		{4C02EEB1-33AA-41C5-9A96-609161DF1635}.Release|Win32.ActiveCfg = Release|Win32
		{4C02EEB1-33AA-41C5-9A96-609161DF1635}.Release|Win32.Build.0 = Release|Win32
		{4C02EEB1-33AA-41C5-9A96-609161DF1635}.Release|x64.ActiveCfg = Release|x64
		{4C02EEB1-33AA-41C5-9A96-609161DF1635}.Release|x64.Build.0 = Release|x64
		{B1D02FF9-3213-4189-9667-F9DACAF2F8B1}.Debug Dedicated|Mixed Platforms.ActiveCfg = Debug|Win32
		{B1D02FF9-3213-4189-9667-F9DACAF2F8B1}.Debug Dedicated|Win32.ActiveCfg = Debug|Win32
		{B1D02FF9-3213-4189-9667-F9DACAF2F8B1}.Debug Dedicated|x64.ActiveCfg = Debug|x64
		{B1D02FF9-3213-4189-9667-F9DACAF2F8B1}.Debug|Mixed Platforms.ActiveCfg = Debug|Win32
		{B1D02FF9-3213-4189-9667-F9DACAF2F8B1}.Debug|Win32.ActiveCfg = Debug|Win32
		{B1D02FF9-3213-4189-9667-F9DACAF2F8B1}.Debug|Win32.Build.0 = Debug|Win32
		{B1D02FF9-3213-4189-9667-F9DACAF2F8B1}.Debug|x64.ActiveCfg = Debug|x64
		{B1D02FF9-3213-4189-9667-F9DACAF2F8B1}.Debug|x64.Build.0 = Debug|x64
		{B1D02FF9-3213-4189-9667-F9DACAF2F8B1}.Release Dedicated|Mixed Platforms.ActiveCfg = Release|Win32
		{B1D02FF9-3213-4189-9667-F9DACAF2F8B1}.Release Dedicated|Win32.ActiveCfg = Release|Win32
		{B1D02FF9-3213-4189-9667-F9DACAF2F8B1}.Release Dedicated|x64.ActiveCfg = Release|x64
		{B1D02FF9-3213-4189-9667-F9DACAF2F8B1}.Release|Mixed Platforms.ActiveCfg = Release|Win32
		{B1D02FF9-3213-4189-9667-F9DACAF2F8B1}.Release|Win32.ActiveCfg = Release|Win32
		{B1D02FF9-3213-4189-9667-F9DACAF2F8B1}.Release|Win32.Build.0 = Release|Win32
		{B1D02FF9-3213-4189-9667-F9DACAF2F8B1}.Release|x64.ActiveCfg = Release|x64
		{B1D02FF9-3213-4189-9667-F9DACAF2F8B1}.Release|x64.Build.0 = Release|x64
		{C77BA20D-F1F9-4C5D-AF18-090D39FA4707}.Debug Dedicated|Mixed Platforms.ActiveCfg = Debug|Win32
		{C77BA20D-F1F9-4C5D-AF18-090D39FA4707}.Debug Dedicated|Win32.ActiveCfg = Debug|Win32
		{C77BA20D-F1F9-4C5D-AF18-090D39FA4707}.Debug Dedicated|x64.ActiveCfg = Debug|x64
		{C77BA20D-F1F9-4C5D-AF18-090D39FA4707}.Debug|Mixed Platforms.ActiveCfg = Debug|Win32
		{C77BA20D-F1F9-4C5D-AF18-090D39FA4707}.Debug|Win32.ActiveCfg = Debug|Win32
		{C77BA20D-F1F9-4C5D-AF18-090D39FA4707}.Debug|Win32.Build.0 = Debug|Win32
		{C77BA20D-F1F9-4C5D-AF18-090D39FA4707}.Debug|x64.ActiveCfg = Debug|x64
		{C77BA20D-F1F9-4C5D-AF18-090D39FA4707}.Debug|x64.Build.0 = Debug|x64
		{C77BA20D-F1F9-4C5D-AF18-090D39FA4707}.Release Dedicated|Mixed Platforms.ActiveCfg = Release|Win32
		{C77BA20D-F1F9-4C5D-AF18-090D39FA4707}.Release Dedicated|Win32.ActiveCfg = Release|Win32
		{C77BA20D-F1F9-4C5D-AF18-090D39FA4707}.Release Dedicated|x64.ActiveCfg = Release|x64
		{C77BA20D-F1F9-4C5D-AF18-090D39FA4707}.Release|Mixed Platforms.ActiveCfg = Release|Win32
		{C77BA20D-F1F9-4C5D-AF18-090D39FA4707}.Release|Win32.ActiveCfg = Release|Win32
		{C77BA20D-F1F9-4C5D-AF18-090D39FA4707}.Release|Win32.Build.0 = Release|Win32
		{C77BA20D-F1F9-4C5D-AF18-090D39FA4707}.Release|x64.ActiveCfg = Release|x64
		{C77BA20D-F1F9-4C5D-AF18-090D39FA4707}.Release|x64.Build.0 = Release|x64
		{ECA531A1-29EC-472A-BBFE-1DEF2E579A23}.Debug Dedicated|Mixed Platforms.ActiveCfg = Debug|Win32
		{ECA531A1-29EC-472A-BBFE-1DEF2E579A23}.Debug Dedicated|Win32.ActiveCfg = Debug Dedicated|Win32
		{ECA531A1-29EC-472A-BBFE-1DEF2E579A23}.Debug Dedicated|Win32.Build.0 = Debug Dedicated|Win32
		{ECA531A1-29EC-472A-BBFE-1DEF2E579A23}.Debug Dedicated|x64.ActiveCfg = Debug Dedicated|x64
		{ECA531A1-29EC-472A-BBFE-1DEF2E579A23}.Debug Dedicated|x64.Build.0 = Debug Dedicated|x64
		{ECA531A1-29EC-472A-BBFE-1DEF2E579A23}.Debug|Mixed Platforms.ActiveCfg = Debug|Win32
		{ECA531A1-29EC-472A-BBFE-1DEF2E579A23}.Debug|Win32.ActiveCfg = Debug|Win32
		{ECA531A1-29EC-472A-BBFE-1DEF2E579A23}.Debug|Win32.Build.0 = Debug|Win32
		{ECA531A1-29EC-472A-BBFE-1DEF2E579A23}.Debug|x64.ActiveCfg = Debug|x64
		{ECA531A1-29EC-472A-BBFE-1DEF2E579A23}.Debug|x64.Build.0 = Debug|x64
		{ECA531A1-29EC-472A-BBFE-1DEF2E579A23}.Release Dedicated|Mixed Platforms.ActiveCfg = Release|Win32
		{ECA531A1-29EC-472A-BBFE-1DEF2E579A23}.Release Dedicated|Win32.ActiveCfg = Release Dedicated|Win32
		{ECA531A1-29EC-472A-BBFE-1DEF2E579A23}.Release Dedicated|Win32.Build.0 = Release Dedicated|Win32
		{ECA531A1-29EC-472A-BBFE-1DEF2E579A23}.Release Dedicated|x64.ActiveCfg = Release Dedicated|x64
		{ECA531A1-29EC-472A-BBFE-1DEF2E579A23}.Release Dedicated|x64.Build.0 = Release Dedicated|x64
		{ECA531A1-29EC-472A-BBFE-1DEF2E579A23}.Release|Mixed Platforms.ActiveCfg = Release|Win32
		{ECA531A1-29EC-472A-BBFE-1DEF2E579A23}.Release|Win32.ActiveCfg = Release|Win32
		{ECA531A1-29EC-472A-BBFE-1DEF2E579A23}.Release|Win32.Build.0 = Release|Win32
		{ECA531A1-29EC-472A-BBFE-1DEF2E579A23}.Release|x64.ActiveCfg = Release|x64
		{ECA531A1-29EC-472A-BBFE-1DEF2E579A23}.Release|x64.Build.0 = Release|x64
		{2D22C247-9AAB-4A10-93E3-83E25B196D8B}.Debug Dedicated|Mixed Platforms.ActiveCfg = Debug|Win32
		{2D22C247-9AAB-4A10-93E3-83E25B196D8B}.Debug Dedicated|Win32.ActiveCfg = Debug|Win32
		{2D22C247-9AAB-4A10-93E3-83E25B196D8B}.Debug Dedicated|x64.ActiveCfg = Debug|x64
		{2D22C247-9AAB-4A10-93E3-83E25B196D8B}.Debug|Mixed Platforms.ActiveCfg = Debug|Win32
		{2D22C247-9AAB-4A10-93E3-83E25B196D8B}.Debug|Win32.ActiveCfg = Debug|Win32
		{2D22C247-9AAB-4A10-93E3-83E25B196D8B}.Debug|Win32.Build.0 = Debug|Win32
		{2D22C247-9AAB-4A10-93E3-83E25B196D8B}.Debug|x64.ActiveCfg = Debug|x64
		{2D22C247-9AAB-4A10-93E3-83E25B196D8B}.Debug|x64.Build.0 = Debug|x64
		{2D22C247-9AAB-4A10-93E3-83E25B196D8B}.Release Dedicated|Mixed Platforms.ActiveCfg = Release|Win32
		{2D22C247-9AAB-4A10-93E3-83E25B196D8B}.Release Dedicated|Win32.ActiveCfg = Release|Win32
		{2D22C247-9AAB-4A10-93E3-83E25B196D8B}.Release Dedicated|x64.ActiveCfg = Release|x64
		{2D22C247-9AAB-4A10-93E3-83E25B196D8B}.Release|Mixed Platforms.ActiveCfg = Release|Win32
		{2D22C247-9AAB-4A10-93E3-83E25B196D8B}.Release|Win32.ActiveCfg = Release|Win32
		{2D22C247-9AAB-4A10-93E3-83E25B196D8B}.Release|Win32.Build.0 = Release|Win32
		{2D22C247-9AAB-4A10-93E3-83E25B196D8B}.Release|x64.ActiveCfg = Release|x64
		{2D22C247-9AAB-4A10-93E3-83E25B196D8B}.Release|x64.Build.0 = Release|x64
		{4CCF5A70-C0F9-4BEC-B79B-F87E9E6B04FC}.Debug Dedicated|Mixed Platforms.ActiveCfg = Debug|Win32
		{4CCF5A70-C0F9-4BEC-B79B-F87E9E6B04FC}.Debug Dedicated|Win32.ActiveCfg = Debug|Win32
		{4CCF5A70-C0F9-4BEC-B79B-F87E9E6B04FC}.Debug Dedicated|x64.ActiveCfg = Debug|x64
		{4CCF5A70-C0F9-4BEC-B79B-F87E9E6B04FC}.Debug|Mixed Platforms.ActiveCfg = Debug|Win32
		{4CCF5A70-C0F9-4BEC-B79B-F87E9E6B04FC}.Debug|Win32.ActiveCfg = Debug|Win32
		{4CCF5A70-C0F9-4BEC-B79B-F87E9E6B04FC}.Debug|x64.ActiveCfg = Debug|x64
		{4CCF5A70-C0F9-4BEC-B79B-F87E9E6B04FC}.Release Dedicated|Mixed Platforms.ActiveCfg = Release|Win32
		{4CCF5A70-C0F9-4BEC-B79B-F87E9E6B04FC}.Release Dedicated|Win32.ActiveCfg = Release|Win32
		{4CCF5A70-C0F9-4BEC-B79B-F87E9E6B04FC}.Release Dedicated|x64.ActiveCfg = Release|x64
		{4CCF5A70-C0F9-4BEC-B79B-F87E9E6B04FC}.Release|Mixed Platforms.ActiveCfg = Release|Win32
		{4CCF5A70-C0F9-4BEC-B79B-F87E9E6B04FC}.Release|Win32.ActiveCfg = Release|Win32
		{4CCF5A70-C0F9-4BEC-B79B-F87E9E6B04FC}.Release|x64.ActiveCfg = Release|x64
		{1ECB2C31-5225-4757-A54B-14F1ADDC5247}.Debug Dedicated|Mixed Platforms.ActiveCfg = Debug|Win32
		{1ECB2C31-5225-4757-A54B-14F1ADDC5247}.Debug Dedicated|Win32.ActiveCfg = Debug Dedicated|Win32
		{1ECB2C31-5225-4757-A54B-14F1ADDC5247}.Debug Dedicated|Win32.Build.0 = Debug Dedicated|Win32
		{1ECB2C31-5225-4757-A54B-14F1ADDC5247}.Debug Dedicated|x64.ActiveCfg = Debug Dedicated|x64
		{1ECB2C31-5225-4757-A54B-14F1ADDC5247}.Debug Dedicated|x64.Build.0 = Debug Dedicated|x64
		{1ECB2C31-5225-4757-A54B-14F1ADDC5247}.Debug|Mixed Platforms.ActiveCfg = Debug|Win32
		{1ECB2C31-5225-4757-A54B-14F1ADDC5247}.Debug|Win32.ActiveCfg = Debug|Win32
		{1ECB2C31-5225-4757-A54B-14F1ADDC5247}.Debug|Win32.Build.0 = Debug|Win32
		{1ECB2C31-5225-4757-A54B-14F1ADDC5247}.Debug|x64.ActiveCfg = Debug|x64
		{1ECB2C31-5225-4757-A54B-14F1ADDC5247}.Debug|x64.Build.0 = Debug|x64
		{1ECB2C31-5225-4757-A54B-14F1ADDC5247}.Release Dedicated|Mixed Platforms.ActiveCfg = Release|Win32
		{1ECB2C31-5225-4757-A54B-14F1ADDC5247}.Release Dedicated|Win32.ActiveCfg = Release Dedicated|Win32
		{1ECB2C31-5225-4757-A54B-14F1ADDC5247}.Release Dedicated|Win32.Build.0 = Release Dedicated|Win32
		{1ECB2C31-5225-4757-A54B-14F1ADDC5247}.Release Dedicated|x64.ActiveCfg = Release Dedicated|x64
		{1ECB2C31-5225-4757-A54B-14F1ADDC5247}.Release Dedicated|x64.Build.0 = Release Dedicated|x64
		{1ECB2C31-5225-4757-A54B-14F1ADDC5247}.Release|Mixed Platforms.ActiveCfg = Release|Win32
		{1ECB2C31-5225-4757-A54B-14F1ADDC5247}.Release|Win32.ActiveCfg = Release|Win32
		{1ECB2C31-5225-4757-A54B-14F1ADDC5247}.Release|Win32.Build.0 = Release|Win32
		{1ECB2C31-5225-4757-A54B-14F1ADDC5247}.Release|x64.ActiveCfg = Release|x64
		{1ECB2C31-5225-4757-A54B-14F1ADDC5247}.Release|x64.Build.0 = Release|x64
	EndGlobalSection
	GlobalSection(SolutionProperties) = preSolution
		HideSolutionNode = FALSE
	EndGlobalSection
EndGlobal
